
Microsoft Visual Studio Solution File, Format Version 12.00
# Visual Studio Version 16
VisualStudioVersion = 16.0.31105.61
MinimumVisualStudioVersion = 10.0.40219.1
Project("{FAE04EC0-301F-11D3-BF4B-00C04F79EFBC}") = "Task5", "Task5\Task5.csproj", "{D26B5794-35EE-41AF-87C3-DEB953779FC7}"
EndProject
Global
	GlobalSection(SolutionConfigurationPlatforms) = preSolution
		Debug|Any CPU = Debug|Any CPU
		Release|Any CPU = Release|Any CPU
	EndGlobalSection
	GlobalSection(ProjectConfigurationPlatforms) = postSolution
		{D26B5794-35EE-41AF-87C3-DEB953779FC7}.Debug|Any CPU.ActiveCfg = Debug|Any CPU
		{D26B5794-35EE-41AF-87C3-DEB953779FC7}.Debug|Any CPU.Build.0 = Debug|Any CPU
		{D26B5794-35EE-41AF-87C3-DEB953779FC7}.Release|Any CPU.ActiveCfg = Release|Any CPU
		{D26B5794-35EE-41AF-87C3-DEB953779FC7}.Release|Any CPU.Build.0 = Release|Any CPU
	EndGlobalSection
	GlobalSection(SolutionProperties) = preSolution
		HideSolutionNode = FALSE
	EndGlobalSection
	GlobalSection(ExtensibilityGlobals) = postSolution
		SolutionGuid = {D46C1ADD-6D6D-4098-8D22-33358ED6E1E9}
	EndGlobalSection
EndGlobal
